
Microsoft Visual Studio Solution File, Format Version 12.00
# Visual Studio 2012
Project("{FAE04EC0-301F-11D3-BF4B-00C04F79EFBC}") = "MvcControllerApp", "MvcControllerApp\MvcControllerApp.csproj", "{AF91D580-354A-488A-A9C9-65566D5D5B14}"
EndProject
Project("{FAE04EC0-301F-11D3-BF4B-00C04F79EFBC}") = "MvcControllerApp.Tests", "MvcControllerApp.Tests\MvcControllerApp.Tests.csproj", "{CC9E5990-C9B6-4AFA-B36A-1B622C9AC2BC}"
EndProject
Global
	GlobalSection(SolutionConfigurationPlatforms) = preSolution
		Debug|Any CPU = Debug|Any CPU
		Release|Any CPU = Release|Any CPU
	EndGlobalSection
	GlobalSection(ProjectConfigurationPlatforms) = postSolution
		{AF91D580-354A-488A-A9C9-65566D5D5B14}.Debug|Any CPU.ActiveCfg = Debug|Any CPU
		{AF91D580-354A-488A-A9C9-65566D5D5B14}.Debug|Any CPU.Build.0 = Debug|Any CPU
		{AF91D580-354A-488A-A9C9-65566D5D5B14}.Release|Any CPU.ActiveCfg = Release|Any CPU
		{AF91D580-354A-488A-A9C9-65566D5D5B14}.Release|Any CPU.Build.0 = Release|Any CPU
		{CC9E5990-C9B6-4AFA-B36A-1B622C9AC2BC}.Debug|Any CPU.ActiveCfg = Debug|Any CPU
		{CC9E5990-C9B6-4AFA-B36A-1B622C9AC2BC}.Debug|Any CPU.Build.0 = Debug|Any CPU
		{CC9E5990-C9B6-4AFA-B36A-1B622C9AC2BC}.Release|Any CPU.ActiveCfg = Release|Any CPU
		{CC9E5990-C9B6-4AFA-B36A-1B622C9AC2BC}.Release|Any CPU.Build.0 = Release|Any CPU
	EndGlobalSection
	GlobalSection(SolutionProperties) = preSolution
		HideSolutionNode = FALSE
	EndGlobalSection
EndGlobal
